
Microsoft Visual Studio Solution File, Format Version 12.00
# Visual Studio Version 16
VisualStudioVersion = 16.0.30611.23
MinimumVisualStudioVersion = 10.0.40219.1
Project("{FAE04EC0-301F-11D3-BF4B-00C04F79EFBC}") = "CompanyEmployees", "CompanyEmployees\CompanyEmployees.csproj", "{3D54E738-541C-4184-B163-64BC8DCA4DCD}"
EndProject
Global
	GlobalSection(SolutionConfigurationPlatforms) = preSolution
		Debug|Any CPU = Debug|Any CPU
		Release|Any CPU = Release|Any CPU
	EndGlobalSection
	GlobalSection(ProjectConfigurationPlatforms) = postSolution
		{3D54E738-541C-4184-B163-64BC8DCA4DCD}.Debug|Any CPU.ActiveCfg = Debug|Any CPU
		{3D54E738-541C-4184-B163-64BC8DCA4DCD}.Debug|Any CPU.Build.0 = Debug|Any CPU
		{3D54E738-541C-4184-B163-64BC8DCA4DCD}.Release|Any CPU.ActiveCfg = Release|Any CPU
		{3D54E738-541C-4184-B163-64BC8DCA4DCD}.Release|Any CPU.Build.0 = Release|Any CPU
	EndGlobalSection
	GlobalSection(SolutionProperties) = preSolution
		HideSolutionNode = FALSE
	EndGlobalSection
	GlobalSection(ExtensibilityGlobals) = postSolution
		SolutionGuid = {B5548B90-B889-4520-AA74-AF2757676670}
	EndGlobalSection
EndGlobal
